{
    "_meta": {
        "hash": {
            "sha256": "f20308c87d9372a35f74b70a4d8bb346d31c5286abb8f91f27c3881c42f9a045"
        },
        "pipfile-spec": 6,
        "requires": {
            "python_version": "3.11"
        },
        "sources": [
            {
                "name": "pypi",
                "url": "https://pypi.org/simple",
                "verify_ssl": true
            }
        ]
    },
    "default": {
        "django-environ": {
            "hashes": [
                "sha256:0ff95ab4344bfeff693836aa978e6840abef2e2f1145adff7735892711590c05",
                "sha256:f32a87aa0899894c27d4e1776fa6b477e8164ed7f6b3e410a62a6d72caaf64be"
            ],
            "index": "pypi",
            "markers": "python_version >= '3.6' and python_version < '4'",
            "version": "==0.11.2"
        }
    },
    "develop": {}
}
